
Microsoft Visual Studio Solution File, Format Version 12.00
# Visual Studio Version 17
VisualStudioVersion = 17.9.34723.18
MinimumVisualStudioVersion = 10.0.40219.1
Project("{FAE04EC0-301F-11D3-BF4B-00C04F79EFBC}") = "ExerciciosPraticos5", "ExerciciosPraticos5\ExerciciosPraticos5.csproj", "{D717101D-9034-43A0-A293-A85C083B1C48}"
EndProject
Global
	GlobalSection(SolutionConfigurationPlatforms) = preSolution
		Debug|Any CPU = Debug|Any CPU
		Release|Any CPU = Release|Any CPU
	EndGlobalSection
	GlobalSection(ProjectConfigurationPlatforms) = postSolution
		{D717101D-9034-43A0-A293-A85C083B1C48}.Debug|Any CPU.ActiveCfg = Debug|Any CPU
		{D717101D-9034-43A0-A293-A85C083B1C48}.Debug|Any CPU.Build.0 = Debug|Any CPU
		{D717101D-9034-43A0-A293-A85C083B1C48}.Release|Any CPU.ActiveCfg = Release|Any CPU
		{D717101D-9034-43A0-A293-A85C083B1C48}.Release|Any CPU.Build.0 = Release|Any CPU
	EndGlobalSection
	GlobalSection(SolutionProperties) = preSolution
		HideSolutionNode = FALSE
	EndGlobalSection
	GlobalSection(ExtensibilityGlobals) = postSolution
		SolutionGuid = {3F567EBC-A4EC-4E79-9C77-CE0233E37AB8}
	EndGlobalSection
EndGlobal
