
Microsoft Visual Studio Solution File, Format Version 12.00
# Visual Studio Version 17
VisualStudioVersion = 17.9.34723.18
MinimumVisualStudioVersion = 10.0.40219.1
Project("{FAE04EC0-301F-11D3-BF4B-00C04F79EFBC}") = "ExerciciosPraticos2", "ExerciciosPraticos2\ExerciciosPraticos2.csproj", "{D1E5D692-C63B-49B6-B0E6-515786D4BCB7}"
EndProject
Global
	GlobalSection(SolutionConfigurationPlatforms) = preSolution
		Debug|Any CPU = Debug|Any CPU
		Release|Any CPU = Release|Any CPU
	EndGlobalSection
	GlobalSection(ProjectConfigurationPlatforms) = postSolution
		{D1E5D692-C63B-49B6-B0E6-515786D4BCB7}.Debug|Any CPU.ActiveCfg = Debug|Any CPU
		{D1E5D692-C63B-49B6-B0E6-515786D4BCB7}.Debug|Any CPU.Build.0 = Debug|Any CPU
		{D1E5D692-C63B-49B6-B0E6-515786D4BCB7}.Release|Any CPU.ActiveCfg = Release|Any CPU
		{D1E5D692-C63B-49B6-B0E6-515786D4BCB7}.Release|Any CPU.Build.0 = Release|Any CPU
	EndGlobalSection
	GlobalSection(SolutionProperties) = preSolution
		HideSolutionNode = FALSE
	EndGlobalSection
	GlobalSection(ExtensibilityGlobals) = postSolution
		SolutionGuid = {403EA756-8791-421A-83E0-C5F2D268C1B3}
	EndGlobalSection
EndGlobal
